{
  "pins" : [
    {
      "identity" : "alprogressview#swift-package-manager",
      "kind" : "remoteSourceControl",
      "location" : "https://github.com/alxrguz/ALProgressView#Swift-Package-Manager",
      "state" : {
        "revision" : "54f42cb339924de1b37fe8ecdbe72a3336cbc73d",
        "version" : "2.0.0"
      }
    },
    {
      "identity" : "dynamic",
      "kind" : "remoteSourceControl",
      "location" : "https://github.com/mhdhejazi/Dynamic.git",
      "state" : {
        "branch" : "master",
        "revision" : "772883073d044bc754d401cabb6574624eb3778f"
      }
    },
    {
      "identity" : "eureka",
      "kind" : "remoteSourceControl",
      "location" : "https://github.com/xmartlabs/Eureka.git",
      "state" : {
        "revision" : "a7523afdfe38478c6d5706a8ac01d26590835493",
        "version" : "5.3.6"
      }
    },
    {
      "identity" : "hotkey",
      "kind" : "remoteSourceControl",
      "location" : "https://github.com/soffes/HotKey",
      "state" : {
        "branch" : "master",
        "revision" : "c13662730cb5bc28de4a799854bbb018a90649bf"
      }
    },
    {
      "identity" : "launchatlogin",
      "kind" : "remoteSourceControl",
      "location" : "https://github.com/sindresorhus/LaunchAtLogin",
      "state" : {
        "branch" : "main",
        "revision" : "e8171b3e38a2816f579f58f3dac1522aa39efe41"
      }
    },
    {
      "identity" : "preferences",
      "kind" : "remoteSourceControl",
      "location" : "https://github.com/sindresorhus/Preferences",
      "state" : {
        "branch" : "main",
        "revision" : "ffeaaad1def45d0625720dc1adae3789cd9c167d"
      }
    },
    {
      "identity" : "swiftui-introspect",
      "kind" : "remoteSourceControl",
      "location" : "https://github.com/siteline/SwiftUI-Introspect.git",
      "state" : {
        "branch" : "master",
        "revision" : "72a509c93166540c0adf8323fd2652daade7f9f6"
      }
    }
  ],
  "version" : 2
}
