{
  "pins" : [
    {
      "identity" : "hotkey",
      "kind" : "remoteSourceControl",
      "location" : "https://github.com/soffes/HotKey",
      "state" : {
        "branch" : "master",
        "revision" : "c13662730cb5bc28de4a799854bbb018a90649bf"
      }
    },
    {
      "identity" : "launchatlogin",
      "kind" : "remoteSourceControl",
      "location" : "https://github.com/sindresorhus/LaunchAtLogin",
      "state" : {
        "branch" : "main",
        "revision" : "e8171b3e38a2816f579f58f3dac1522aa39efe41"
      }
    },
    {
      "identity" : "marquee",
      "kind" : "remoteSourceControl",
      "location" : "https://github.com/SwiftUIKit/Marquee",
      "state" : {
        "revision" : "69d7b7c6c34ed41d9299cfa8406f91f529c4fef3",
        "version" : "0.3.0"
      }
    },
    {
      "identity" : "preferences",
      "kind" : "remoteSourceControl",
      "location" : "https://github.com/sindresorhus/Preferences",
      "state" : {
        "branch" : "main",
        "revision" : "ffeaaad1def45d0625720dc1adae3789cd9c167d"
      }
    },
    {
      "identity" : "swiftui-introspect",
      "kind" : "remoteSourceControl",
      "location" : "https://github.com/siteline/SwiftUI-Introspect.git",
      "state" : {
        "branch" : "master",
        "revision" : "72a509c93166540c0adf8323fd2652daade7f9f6"
      }
    }
  ],
  "version" : 2
}
