{
  "pins" : [
    {
      "identity" : "communicator",
      "kind" : "remoteSourceControl",
      "location" : "https://github.com/KaneCheshire/Communicator.git",
      "state" : {
        "revision" : "3d2b6c9f07902de7e87a5e9af2cff280de7981c9",
        "version" : "4.1.0"
      }
    },
    {
      "identity" : "defaults",
      "kind" : "remoteSourceControl",
      "location" : "https://github.com/sindresorhus/Defaults",
      "state" : {
        "branch" : "main",
        "revision" : "d71bfd8ffbf944ef08eacbca5fb96d6f69bf7696"
      }
    },
    {
      "identity" : "devicekit",
      "kind" : "remoteSourceControl",
      "location" : "https://github.com/devicekit/DeviceKit.git",
      "state" : {
        "revision" : "691fe8112cca20ebf0020a1709d4e0205400311c",
        "version" : "5.0.0"
      }
    },
    {
      "identity" : "google-api-objectivec-client-for-rest",
      "kind" : "remoteSourceControl",
      "location" : "https://github.com/google/google-api-objectivec-client-for-rest.git",
      "state" : {
        "branch" : "main",
        "revision" : "7b582374461b2585394376b701582fcb2c847cb9"
      }
    },
    {
      "identity" : "gtm-session-fetcher",
      "kind" : "remoteSourceControl",
      "location" : "https://github.com/google/gtm-session-fetcher.git",
      "state" : {
        "revision" : "96d7cc73a71ce950723aa3c50ce4fb275ae180b8",
        "version" : "3.1.0"
      }
    },
    {
      "identity" : "hotkey",
      "kind" : "remoteSourceControl",
      "location" : "https://github.com/soffes/HotKey",
      "state" : {
        "branch" : "master",
        "revision" : "c13662730cb5bc28de4a799854bbb018a90649bf"
      }
    },
    {
      "identity" : "launchatlogin",
      "kind" : "remoteSourceControl",
      "location" : "https://github.com/sindresorhus/LaunchAtLogin",
      "state" : {
        "branch" : "main",
        "revision" : "7ad6331f9c38953eb1ce8737758e18f7607e984a"
      }
    },
    {
      "identity" : "marquee",
      "kind" : "remoteSourceControl",
      "location" : "https://github.com/SwiftUIKit/Marquee",
      "state" : {
        "revision" : "69d7b7c6c34ed41d9299cfa8406f91f529c4fef3",
        "version" : "0.3.0"
      }
    },
    {
      "identity" : "onesignal-xcframework",
      "kind" : "remoteSourceControl",
      "location" : "https://github.com/OneSignal/OneSignal-XCFramework",
      "state" : {
        "revision" : "b87060d4a77ab6b5e96d6655b2587d3cb05e33e5",
        "version" : "3.12.3"
      }
    },
    {
      "identity" : "preferences",
      "kind" : "remoteSourceControl",
      "location" : "https://github.com/sindresorhus/Preferences",
      "state" : {
        "branch" : "main",
        "revision" : "00342137c16b1351408669ca88be60036aa7e343"
      }
    },
    {
      "identity" : "swiftui-introspect",
      "kind" : "remoteSourceControl",
      "location" : "https://github.com/siteline/SwiftUI-Introspect.git",
      "state" : {
        "branch" : "master",
        "revision" : "63a079f102964a6987eaaf70f8fdc39b84feeece"
      }
    },
    {
      "identity" : "zephyr",
      "kind" : "remoteSourceControl",
      "location" : "https://github.com/ArtSabintsev/Zephyr.git",
      "state" : {
        "revision" : "0030003a7febe0202b039abda1af111ca0d1b617",
        "version" : "3.7.1"
      }
    }
  ],
  "version" : 2
}
